<?xml version="1.0" encoding="utf-8"?>
<Project ToolsVersion="4.0" xmlns="http://schemas.microsoft.com/developer/msbuild/2003">
  <ItemGroup>
    <Filter Include="소스 파일">
      <UniqueIdentifier>{4FC737F1-C7A5-4376-A066-2A32D752A2FF}</UniqueIdentifier>
      <Extensions>cpp;c;cc;cxx;c++;cppm;ixx;def;odl;idl;hpj;bat;asm;asmx</Extensions>
    </Filter>
    <Filter Include="헤더 파일">
      <UniqueIdentifier>{93995380-89BD-4b04-88EB-625FBE52EBFB}</UniqueIdentifier>
      <Extensions>h;hh;hpp;hxx;h++;hm;inl;inc;ipp;xsd</Extensions>
    </Filter>
    <Filter Include="리소스 파일">
      <UniqueIdentifier>{67DA6AB6-F800-4c08-8B7A-83BB121AAD01}</UniqueIdentifier>
      <Extensions>rc;ico;cur;bmp;dlg;rc2;rct;bin;rgs;gif;jpg;jpeg;jpe;resx;tiff;tif;png;wav;mfcribbon-ms</Extensions>
    </Filter>
    <Filter Include="헤더 파일\Engine">
      <UniqueIdentifier>{861584ad-2ac2-4da8-a42b-e1cdfc5247f9}</UniqueIdentifier>
    </Filter>
    <Filter Include="소스 파일\Engine">
      <UniqueIdentifier>{62994d08-652d-4252-9421-2b5e078994cc}</UniqueIdentifier>
    </Filter>
    <Filter Include="헤더 파일\Main">
      <UniqueIdentifier>{b5bfb73d-379b-40b0-916f-73ccae938693}</UniqueIdentifier>
    </Filter>
    <Filter Include="소스 파일\Main">
      <UniqueIdentifier>{785e7ee4-1d1d-4b8b-b158-1e803c38396b}</UniqueIdentifier>
    </Filter>
  </ItemGroup>
  <ItemGroup>
    <ClInclude Include="Sound.h">
      <Filter>헤더 파일\Engine</Filter>
    </ClInclude>
    <ClInclude Include="Bitmap.h">
      <Filter>헤더 파일\Engine</Filter>
    </ClInclude>
    <ClInclude Include="framework.h">
      <Filter>헤더 파일\Main</Filter>
    </ClInclude>
    <ClInclude Include="KONORHYTHM.h">
      <Filter>헤더 파일\Main</Filter>
    </ClInclude>
    <ClInclude Include="Resource.h">
      <Filter>헤더 파일\Main</Filter>
    </ClInclude>
    <ClInclude Include="targetver.h">
      <Filter>헤더 파일\Main</Filter>
    </ClInclude>
    <ClInclude Include="Process.h">
      <Filter>헤더 파일\Engine</Filter>
    </ClInclude>
    <ClInclude Include="Commondefine.h">
      <Filter>헤더 파일\Main</Filter>
    </ClInclude>
  </ItemGroup>
  <ItemGroup>
    <ClCompile Include="Bitmap.cpp">
      <Filter>소스 파일\Engine</Filter>
    </ClCompile>
    <ClCompile Include="Sound.cpp">
      <Filter>소스 파일\Engine</Filter>
    </ClCompile>
    <ClCompile Include="KONORHYTHM.cpp">
      <Filter>소스 파일\Main</Filter>
    </ClCompile>
    <ClCompile Include="Process.cpp">
      <Filter>소스 파일\Engine</Filter>
    </ClCompile>
    <ClCompile Include="KONOMAIN.cpp">
      <Filter>소스 파일\Main</Filter>
    </ClCompile>
  </ItemGroup>
  <ItemGroup>
    <ResourceCompile Include="KONORHYTHM.rc">
      <Filter>리소스 파일</Filter>
    </ResourceCompile>
  </ItemGroup>
  <ItemGroup>
    <Image Include="small.ico">
      <Filter>리소스 파일</Filter>
    </Image>
    <Image Include="KONORHYTHM.ico">
      <Filter>리소스 파일</Filter>
    </Image>
    <Image Include="MAIN.bmp">
      <Filter>리소스 파일</Filter>
    </Image>
    <Image Include="select song.bmp">
      <Filter>리소스 파일</Filter>
    </Image>
    <Image Include="VGA.bmp">
      <Filter>리소스 파일</Filter>
    </Image>
    <Image Include="START.bmp">
      <Filter>리소스 파일</Filter>
    </Image>
    <Image Include="disk01.png">
      <Filter>리소스 파일</Filter>
    </Image>
    <Image Include="disk01normal.bmp">
      <Filter>리소스 파일</Filter>
    </Image>
    <Image Include="MAIN2.bmp">
      <Filter>리소스 파일</Filter>
    </Image>
    <Image Include="MUSICSELECT.bmp">
      <Filter>리소스 파일</Filter>
    </Image>
    <Image Include="EXPLAIN.bmp">
      <Filter>리소스 파일</Filter>
    </Image>
    <Image Include="OPTION.bmp">
      <Filter>리소스 파일</Filter>
    </Image>
    <Image Include="FASTER1.bmp">
      <Filter>리소스 파일</Filter>
    </Image>
    <Image Include="OPTNORMAL.bmp">
      <Filter>리소스 파일</Filter>
    </Image>
    <Image Include="NOTESELECT.bmp">
      <Filter>리소스 파일</Filter>
    </Image>
    <Image Include="FASTER2.bmp">
      <Filter>리소스 파일</Filter>
    </Image>
    <Image Include="FASTER3.bmp">
      <Filter>리소스 파일</Filter>
    </Image>
    <Image Include="FASTER25.bmp">
      <Filter>리소스 파일</Filter>
    </Image>
    <Image Include="FASTER35.bmp">
      <Filter>리소스 파일</Filter>
    </Image>
    <Image Include="NOTENOR.bmp">
      <Filter>리소스 파일</Filter>
    </Image>
    <Image Include="BOARD.bmp">
      <Filter>리소스 파일</Filter>
    </Image>
  </ItemGroup>
</Project>